
Microsoft Visual Studio Solution File, Format Version 12.00
# Visual Studio Version 17
VisualStudioVersion = 17.4.33213.308
MinimumVisualStudioVersion = 10.0.40219.1
Project("{FAE04EC0-301F-11D3-BF4B-00C04F79EFBC}") = "WindowsFormsApp9", "WindowsFormsApp9.csproj", "{83F5AB67-B13F-437A-847C-EBAB52004EFE}"
EndProject
Global
	GlobalSection(SolutionConfigurationPlatforms) = preSolution
		Debug|Any CPU = Debug|Any CPU
		Release|Any CPU = Release|Any CPU
	EndGlobalSection
	GlobalSection(ProjectConfigurationPlatforms) = postSolution
		{83F5AB67-B13F-437A-847C-EBAB52004EFE}.Debug|Any CPU.ActiveCfg = Debug|Any CPU
		{83F5AB67-B13F-437A-847C-EBAB52004EFE}.Debug|Any CPU.Build.0 = Debug|Any CPU
		{83F5AB67-B13F-437A-847C-EBAB52004EFE}.Release|Any CPU.ActiveCfg = Release|Any CPU
		{83F5AB67-B13F-437A-847C-EBAB52004EFE}.Release|Any CPU.Build.0 = Release|Any CPU
	EndGlobalSection
	GlobalSection(SolutionProperties) = preSolution
		HideSolutionNode = FALSE
	EndGlobalSection
	GlobalSection(ExtensibilityGlobals) = postSolution
		SolutionGuid = {D33C4927-A1AF-435E-B348-6C465A248B9A}
	EndGlobalSection
EndGlobal
